
Microsoft Visual Studio Solution File, Format Version 12.00
# Visual Studio Version 17
VisualStudioVersion = 17.2.32630.192
MinimumVisualStudioVersion = 10.0.40219.1
Project("{9A19103F-16F7-4668-BE54-9A1E7A4F7556}") = "PR-Ejercicio3", "PR-Ejercicio3\PR-Ejercicio3.csproj", "{31422263-DC0D-45B7-9DB8-DA1D8DAA728D}"
EndProject
Project("{9A19103F-16F7-4668-BE54-9A1E7A4F7556}") = "Ejercicio3-2-ForkJoin", "Ejercicio3-2\Ejercicio3-2-ForkJoin.csproj", "{D88EC10A-3A83-4C9C-A227-96EFC161C412}"
EndProject
Project("{9A19103F-16F7-4668-BE54-9A1E7A4F7556}") = "Ejercicio3-3-Monitor", "Ejercicio3-3-Monitor\Ejercicio3-3-Monitor.csproj", "{002BE82D-594D-4B70-A3E5-FDA3E65FDC71}"
EndProject
Project("{9A19103F-16F7-4668-BE54-9A1E7A4F7556}") = "Ejercicio-3-4-MonitorWithConditions", "Ejercicio-3-4-MonitorWithConditions\Ejercicio-3-4-MonitorWithConditions.csproj", "{66A1AC3E-8967-4AF3-9D0D-0DCDAD4F93BD}"
EndProject
Project("{9A19103F-16F7-4668-BE54-9A1E7A4F7556}") = "Ejercicio 3-5-Mutex", "Ejercicio 3-5-Mutex\Ejercicio 3-5-Mutex.csproj", "{89E99E75-AC30-47AB-9FAC-D912C373E2C5}"
EndProject
Project("{FAE04EC0-301F-11D3-BF4B-00C04F79EFBC}") = "TaskPattern", "TaskPattern\TaskPattern.csproj", "{0A9192BB-FCD8-41B7-9BCA-591E878EC155}"
EndProject
Project("{FAE04EC0-301F-11D3-BF4B-00C04F79EFBC}") = "TaskPatternDelegate", "TaskPatternDelegate\TaskPatternDelegate.csproj", "{AA69C651-2DF4-430D-A903-D3F18FFA6D1A}"
EndProject
Global
	GlobalSection(SolutionConfigurationPlatforms) = preSolution
		Debug|Any CPU = Debug|Any CPU
		Release|Any CPU = Release|Any CPU
	EndGlobalSection
	GlobalSection(ProjectConfigurationPlatforms) = postSolution
		{31422263-DC0D-45B7-9DB8-DA1D8DAA728D}.Debug|Any CPU.ActiveCfg = Debug|Any CPU
		{31422263-DC0D-45B7-9DB8-DA1D8DAA728D}.Debug|Any CPU.Build.0 = Debug|Any CPU
		{31422263-DC0D-45B7-9DB8-DA1D8DAA728D}.Release|Any CPU.ActiveCfg = Release|Any CPU
		{31422263-DC0D-45B7-9DB8-DA1D8DAA728D}.Release|Any CPU.Build.0 = Release|Any CPU
		{D88EC10A-3A83-4C9C-A227-96EFC161C412}.Debug|Any CPU.ActiveCfg = Debug|Any CPU
		{D88EC10A-3A83-4C9C-A227-96EFC161C412}.Debug|Any CPU.Build.0 = Debug|Any CPU
		{D88EC10A-3A83-4C9C-A227-96EFC161C412}.Release|Any CPU.ActiveCfg = Release|Any CPU
		{D88EC10A-3A83-4C9C-A227-96EFC161C412}.Release|Any CPU.Build.0 = Release|Any CPU
		{002BE82D-594D-4B70-A3E5-FDA3E65FDC71}.Debug|Any CPU.ActiveCfg = Debug|Any CPU
		{002BE82D-594D-4B70-A3E5-FDA3E65FDC71}.Debug|Any CPU.Build.0 = Debug|Any CPU
		{002BE82D-594D-4B70-A3E5-FDA3E65FDC71}.Release|Any CPU.ActiveCfg = Release|Any CPU
		{002BE82D-594D-4B70-A3E5-FDA3E65FDC71}.Release|Any CPU.Build.0 = Release|Any CPU
		{66A1AC3E-8967-4AF3-9D0D-0DCDAD4F93BD}.Debug|Any CPU.ActiveCfg = Debug|Any CPU
		{66A1AC3E-8967-4AF3-9D0D-0DCDAD4F93BD}.Debug|Any CPU.Build.0 = Debug|Any CPU
		{66A1AC3E-8967-4AF3-9D0D-0DCDAD4F93BD}.Release|Any CPU.ActiveCfg = Release|Any CPU
		{66A1AC3E-8967-4AF3-9D0D-0DCDAD4F93BD}.Release|Any CPU.Build.0 = Release|Any CPU
		{89E99E75-AC30-47AB-9FAC-D912C373E2C5}.Debug|Any CPU.ActiveCfg = Debug|Any CPU
		{89E99E75-AC30-47AB-9FAC-D912C373E2C5}.Debug|Any CPU.Build.0 = Debug|Any CPU
		{89E99E75-AC30-47AB-9FAC-D912C373E2C5}.Release|Any CPU.ActiveCfg = Release|Any CPU
		{89E99E75-AC30-47AB-9FAC-D912C373E2C5}.Release|Any CPU.Build.0 = Release|Any CPU
		{0A9192BB-FCD8-41B7-9BCA-591E878EC155}.Debug|Any CPU.ActiveCfg = Debug|Any CPU
		{0A9192BB-FCD8-41B7-9BCA-591E878EC155}.Debug|Any CPU.Build.0 = Debug|Any CPU
		{0A9192BB-FCD8-41B7-9BCA-591E878EC155}.Release|Any CPU.ActiveCfg = Release|Any CPU
		{0A9192BB-FCD8-41B7-9BCA-591E878EC155}.Release|Any CPU.Build.0 = Release|Any CPU
		{AA69C651-2DF4-430D-A903-D3F18FFA6D1A}.Debug|Any CPU.ActiveCfg = Debug|Any CPU
		{AA69C651-2DF4-430D-A903-D3F18FFA6D1A}.Debug|Any CPU.Build.0 = Debug|Any CPU
		{AA69C651-2DF4-430D-A903-D3F18FFA6D1A}.Release|Any CPU.ActiveCfg = Release|Any CPU
		{AA69C651-2DF4-430D-A903-D3F18FFA6D1A}.Release|Any CPU.Build.0 = Release|Any CPU
	EndGlobalSection
	GlobalSection(SolutionProperties) = preSolution
		HideSolutionNode = FALSE
	EndGlobalSection
	GlobalSection(ExtensibilityGlobals) = postSolution
		SolutionGuid = {7EE91686-0CBB-4619-A44D-364F5FCE7033}
	EndGlobalSection
EndGlobal
