
Microsoft Visual Studio Solution File, Format Version 12.00
# Visual Studio Version 17
VisualStudioVersion = 17.2.32630.192
MinimumVisualStudioVersion = 10.0.40219.1
Project("{FAE04EC0-301F-11D3-BF4B-00C04F79EFBC}") = "PR-Ejercicio3", "PR-Ejercicio3\PR-Ejercicio3.csproj", "{31422263-DC0D-45B7-9DB8-DA1D8DAA728D}"
EndProject
Project("{FAE04EC0-301F-11D3-BF4B-00C04F79EFBC}") = "Ejercicio3-2-ForkJoin", "Ejercicio3-2\Ejercicio3-2-ForkJoin.csproj", "{D88EC10A-3A83-4C9C-A227-96EFC161C412}"
EndProject
Project("{FAE04EC0-301F-11D3-BF4B-00C04F79EFBC}") = "Ejercicio3-3-Monitor", "Ejercicio3-3-Monitor\Ejercicio3-3-Monitor.csproj", "{002BE82D-594D-4B70-A3E5-FDA3E65FDC71}"
EndProject
Global
	GlobalSection(SolutionConfigurationPlatforms) = preSolution
		Debug|Any CPU = Debug|Any CPU
		Release|Any CPU = Release|Any CPU
	EndGlobalSection
	GlobalSection(ProjectConfigurationPlatforms) = postSolution
		{31422263-DC0D-45B7-9DB8-DA1D8DAA728D}.Debug|Any CPU.ActiveCfg = Debug|Any CPU
		{31422263-DC0D-45B7-9DB8-DA1D8DAA728D}.Debug|Any CPU.Build.0 = Debug|Any CPU
		{31422263-DC0D-45B7-9DB8-DA1D8DAA728D}.Release|Any CPU.ActiveCfg = Release|Any CPU
		{31422263-DC0D-45B7-9DB8-DA1D8DAA728D}.Release|Any CPU.Build.0 = Release|Any CPU
		{D88EC10A-3A83-4C9C-A227-96EFC161C412}.Debug|Any CPU.ActiveCfg = Debug|Any CPU
		{D88EC10A-3A83-4C9C-A227-96EFC161C412}.Debug|Any CPU.Build.0 = Debug|Any CPU
		{D88EC10A-3A83-4C9C-A227-96EFC161C412}.Release|Any CPU.ActiveCfg = Release|Any CPU
		{D88EC10A-3A83-4C9C-A227-96EFC161C412}.Release|Any CPU.Build.0 = Release|Any CPU
		{002BE82D-594D-4B70-A3E5-FDA3E65FDC71}.Debug|Any CPU.ActiveCfg = Debug|Any CPU
		{002BE82D-594D-4B70-A3E5-FDA3E65FDC71}.Debug|Any CPU.Build.0 = Debug|Any CPU
		{002BE82D-594D-4B70-A3E5-FDA3E65FDC71}.Release|Any CPU.ActiveCfg = Release|Any CPU
		{002BE82D-594D-4B70-A3E5-FDA3E65FDC71}.Release|Any CPU.Build.0 = Release|Any CPU
	EndGlobalSection
	GlobalSection(SolutionProperties) = preSolution
		HideSolutionNode = FALSE
	EndGlobalSection
	GlobalSection(ExtensibilityGlobals) = postSolution
		SolutionGuid = {7EE91686-0CBB-4619-A44D-364F5FCE7033}
	EndGlobalSection
EndGlobal
